<?xml version="1.0" encoding="utf-8"?>
<Project ToolsVersion="4.0" xmlns="http://schemas.microsoft.com/developer/msbuild/2003">
  <ItemGroup>
    <Filter Include="Source Files">
      <UniqueIdentifier>{4FC737F1-C7A5-4376-A066-2A32D752A2FF}</UniqueIdentifier>
      <Extensions>cpp;c;cc;cxx;c++;cppm;ixx;def;odl;idl;hpj;bat;asm;asmx</Extensions>
    </Filter>
    <Filter Include="Header Files">
      <UniqueIdentifier>{93995380-89BD-4b04-88EB-625FBE52EBFB}</UniqueIdentifier>
      <Extensions>h;hh;hpp;hxx;h++;hm;inl;inc;ipp;xsd</Extensions>
    </Filter>
    <Filter Include="Resource Files">
      <UniqueIdentifier>{67DA6AB6-F800-4c08-8B7A-83BB121AAD01}</UniqueIdentifier>
      <Extensions>rc;ico;cur;bmp;dlg;rc2;rct;bin;rgs;gif;jpg;jpeg;jpe;resx;tiff;tif;png;wav;mfcribbon-ms</Extensions>
    </Filter>
    <Filter Include="Source Files\KernelServices">
      <UniqueIdentifier>{cfb271b0-e254-4afb-a7f5-e5f53c9e467b}</UniqueIdentifier>
    </Filter>
    <Filter Include="Source Files\KernelServices\BasicConsole">
      <UniqueIdentifier>{3dc7d177-63d5-405d-a48b-7d1085b605f3}</UniqueIdentifier>
    </Filter>
    <Filter Include="Source Files\cstr">
      <UniqueIdentifier>{6c90a5d1-92e5-49c2-b75c-d7f402af89d7}</UniqueIdentifier>
    </Filter>
    <Filter Include="Source Files\KernelServices\Paging">
      <UniqueIdentifier>{eb45a888-2f49-4335-8063-89841747e8fe}</UniqueIdentifier>
    </Filter>
    <Filter Include="Source Files\KernelServices\Paging\PageFrameAllocator">
      <UniqueIdentifier>{802fa48e-5797-4e45-8bbf-ff05ab69142b}</UniqueIdentifier>
    </Filter>
    <Filter Include="Source Files\KernelServices\Paging\PageFrameAllocator\Bitmap">
      <UniqueIdentifier>{8124afef-c0f3-43ee-932e-fa52b3622694}</UniqueIdentifier>
    </Filter>
    <Filter Include="Source Files\KernelServices\Paging\PageFrameAllocator\EFIMemoryMap">
      <UniqueIdentifier>{c460c752-295c-461d-a71d-94afc882fdec}</UniqueIdentifier>
    </Filter>
    <Filter Include="Source Files\KernelServices\Paging\PageTableManager">
      <UniqueIdentifier>{5ebe9d8b-7bf2-458c-be65-0681c4e058bf}</UniqueIdentifier>
    </Filter>
    <Filter Include="Source Files\KernelServices\Paging\PageTableManager\PageMapIndexer">
      <UniqueIdentifier>{b1a07cc8-38a9-4f97-a52f-ea6c0ec06b17}</UniqueIdentifier>
    </Filter>
  </ItemGroup>
  <ItemGroup>
    <ClCompile Include="src\main.cpp">
      <Filter>Source Files</Filter>
    </ClCompile>
    <ClCompile Include="src\KernelServices\BasicConsole\BasicConsole.cpp">
      <Filter>Source Files\KernelServices\BasicConsole</Filter>
    </ClCompile>
    <ClCompile Include="src\KernelServices\KernelServices.cpp">
      <Filter>Source Files\KernelServices</Filter>
    </ClCompile>
    <ClCompile Include="src\cstr\cstr.cpp">
      <Filter>Source Files\cstr</Filter>
    </ClCompile>
    <ClCompile Include="src\KernelServices\Paging\Paging.cpp">
      <Filter>Source Files\KernelServices\Paging</Filter>
    </ClCompile>
    <ClCompile Include="src\KernelServices\Paging\PageFrameAllocator\PageFrameAllocator.cpp">
      <Filter>Source Files\KernelServices\Paging\PageFrameAllocator</Filter>
    </ClCompile>
    <ClCompile Include="src\KernelServices\Paging\PageFrameAllocator\EFIMemoryMap\EFIMemoryMap.cpp">
      <Filter>Source Files\KernelServices\Paging\PageFrameAllocator\EFIMemoryMap</Filter>
    </ClCompile>
    <ClCompile Include="src\KernelServices\Paging\PageFrameAllocator\Bitmap\Bitmap.cpp">
      <Filter>Source Files\KernelServices\Paging\PageFrameAllocator\Bitmap</Filter>
    </ClCompile>
    <ClCompile Include="src\KernelServices\Paging\PageTableManager\PageTableManager.cpp">
      <Filter>Source Files\KernelServices\Paging\PageTableManager</Filter>
    </ClCompile>
    <ClCompile Include="src\KernelServices\Paging\PageTableManager\PageMapIndexer\PageMapIndexer.cpp">
      <Filter>Source Files\KernelServices\Paging\PageTableManager\PageMapIndexer</Filter>
    </ClCompile>
  </ItemGroup>
  <ItemGroup>
    <Text Include="CMakeLists.txt">
      <Filter>Source Files</Filter>
    </Text>
  </ItemGroup>
  <ItemGroup>
    <ClInclude Include="src\KernelServices\BasicConsole\BasicConsole.h">
      <Filter>Source Files\KernelServices\BasicConsole</Filter>
    </ClInclude>
    <ClInclude Include="src\KernelServices\KernelServices.h">
      <Filter>Source Files\KernelServices</Filter>
    </ClInclude>
    <ClInclude Include="src\KernelServices\BasicConsole\font.h">
      <Filter>Source Files\KernelServices\BasicConsole</Filter>
    </ClInclude>
    <ClInclude Include="src\cstr\cstr.h">
      <Filter>Source Files\cstr</Filter>
    </ClInclude>
    <ClInclude Include="src\Kernel.h">
      <Filter>Source Files</Filter>
    </ClInclude>
    <ClInclude Include="src\KernelServices\Paging\Paging.h">
      <Filter>Source Files\KernelServices\Paging</Filter>
    </ClInclude>
    <ClInclude Include="src\KernelServices\Paging\PageFrameAllocator\PageFrameAllocator.h">
      <Filter>Source Files\KernelServices\Paging\PageFrameAllocator</Filter>
    </ClInclude>
    <ClInclude Include="src\KernelServices\Paging\PageFrameAllocator\EFIMemoryMap\EFIMemoryMap.h">
      <Filter>Source Files\KernelServices\Paging\PageFrameAllocator\EFIMemoryMap</Filter>
    </ClInclude>
    <ClInclude Include="src\KernelServices\Paging\PageFrameAllocator\Bitmap\Bitmap.h">
      <Filter>Source Files\KernelServices\Paging\PageFrameAllocator\Bitmap</Filter>
    </ClInclude>
    <ClInclude Include="src\KernelServices\Paging\PageTableManager\PageTableManager.h">
      <Filter>Source Files\KernelServices\Paging\PageTableManager</Filter>
    </ClInclude>
    <ClInclude Include="src\KernelServices\Paging\PageTableManager\PageMapIndexer\PageMapIndexer.h">
      <Filter>Source Files\KernelServices\Paging\PageTableManager\PageMapIndexer</Filter>
    </ClInclude>
  </ItemGroup>
</Project>